Microsoft Visual Studio Solution File, Format Version 8.00
Project("{8BC9CEB8-8B4A-11D0-8D11-00A0C91BC942}") = "winport", "winport.vcproj", "{AF01BB23-4CBA-4415-BB9F-29178214A8F6}"
	ProjectSection(ProjectDependencies) = postProject
	EndProjectSection
EndProject
Global
	GlobalSection(SolutionConfiguration) = preSolution
		Debug = Debug
		Release = Release
	EndGlobalSection
	GlobalSection(ProjectConfiguration) = postSolution
		{AF01BB23-4CBA-4415-BB9F-29178214A8F6}.Debug.ActiveCfg = Debug|Win32
		{AF01BB23-4CBA-4415-BB9F-29178214A8F6}.Debug.Build.0 = Debug|Win32
		{AF01BB23-4CBA-4415-BB9F-29178214A8F6}.Release.ActiveCfg = Release|Win32
		{AF01BB23-4CBA-4415-BB9F-29178214A8F6}.Release.Build.0 = Release|Win32
	EndGlobalSection
	GlobalSection(ExtensibilityGlobals) = postSolution
	EndGlobalSection
	GlobalSection(ExtensibilityAddIns) = postSolution
	EndGlobalSection
EndGlobal
